
Microsoft Visual Studio Solution File, Format Version 12.00
# Visual Studio Version 17
VisualStudioVersion = 17.4.33122.133
MinimumVisualStudioVersion = 10.0.40219.1
Project("{E24C65DC-7377-472B-9ABA-BC803B73C61A}") = "Bus_Booking", "Bus_Booking\", "{CCE8DF2A-AE37-435E-8D4D-B851BC1D9784}"
	ProjectSection(WebsiteProperties) = preProject
		TargetFrameworkMoniker = ".NETFramework,Version%3Dv4.7.2"
		Debug.AspNetCompiler.VirtualPath = "/localhost_49716"
		Debug.AspNetCompiler.PhysicalPath = "D:\Bus Booking\Bus_Booking\Bus_Booking\"
		Debug.AspNetCompiler.TargetPath = "PrecompiledWeb\localhost_49716\"
		Debug.AspNetCompiler.Updateable = "true"
		Debug.AspNetCompiler.ForceOverwrite = "true"
		Debug.AspNetCompiler.FixedNames = "false"
		Debug.AspNetCompiler.Debug = "True"
		Release.AspNetCompiler.VirtualPath = "/localhost_49716"
		Release.AspNetCompiler.PhysicalPath = "D:\Bus Booking\Bus_Booking\Bus_Booking\"
		Release.AspNetCompiler.TargetPath = "PrecompiledWeb\localhost_49716\"
		Release.AspNetCompiler.Updateable = "true"
		Release.AspNetCompiler.ForceOverwrite = "true"
		Release.AspNetCompiler.FixedNames = "false"
		Release.AspNetCompiler.Debug = "False"
		VWDPort = "49716"
	EndProjectSection
EndProject
Global
	GlobalSection(SolutionConfigurationPlatforms) = preSolution
		Debug|Any CPU = Debug|Any CPU
	EndGlobalSection
	GlobalSection(ProjectConfigurationPlatforms) = postSolution
		{CCE8DF2A-AE37-435E-8D4D-B851BC1D9784}.Debug|Any CPU.ActiveCfg = Debug|Any CPU
		{CCE8DF2A-AE37-435E-8D4D-B851BC1D9784}.Debug|Any CPU.Build.0 = Debug|Any CPU
	EndGlobalSection
	GlobalSection(SolutionProperties) = preSolution
		HideSolutionNode = FALSE
	EndGlobalSection
	GlobalSection(ExtensibilityGlobals) = postSolution
		SolutionGuid = {2D8F7775-F9D3-4506-871B-8A7F209FA8A8}
	EndGlobalSection
EndGlobal
